
Microsoft Visual Studio Solution File, Format Version 12.00
# Visual Studio 2015
Project("{FAE04EC0-301F-11D3-BF4B-00C04F79EFBC}") = "AStar2D.CSharp", "AStar2D.CSharp.csproj", "{A3385842-0B16-AB7A-56E1-4F02C9A61759}"
EndProject
Global
	GlobalSection(SolutionConfigurationPlatforms) = preSolution
		Debug|Any CPU = Debug|Any CPU
		Release|Any CPU = Release|Any CPU
	EndGlobalSection
	GlobalSection(ProjectConfigurationPlatforms) = postSolution
		{A3385842-0B16-AB7A-56E1-4F02C9A61759}.Debug|Any CPU.ActiveCfg = Debug|Any CPU
		{A3385842-0B16-AB7A-56E1-4F02C9A61759}.Debug|Any CPU.Build.0 = Debug|Any CPU
		{A3385842-0B16-AB7A-56E1-4F02C9A61759}.Release|Any CPU.ActiveCfg = Release|Any CPU
		{A3385842-0B16-AB7A-56E1-4F02C9A61759}.Release|Any CPU.Build.0 = Release|Any CPU
	EndGlobalSection
	GlobalSection(SolutionProperties) = preSolution
		HideSolutionNode = FALSE
	EndGlobalSection
EndGlobal
